<?xml version="1.0" encoding="UTF-8" standalone="yes" ?>
<CodeBlocks_project_file>
	<FileVersion major="1" minor="6" />
	<Project>
		<Option title="Cliente" />
		<Option pch_mode="2" />
		<Option compiler="gcc" />
		<Build>
			<Target title="Debug">
				<Option output="bin/Debug/Cliente" prefix_auto="1" extension_auto="1" />
				<Option object_output="obj/Debug/" />
				<Option type="1" />
				<Option compiler="gcc" />
				<Compiler>
					<Add option="-g" />
					<Add directory="lib/SDL2_linkNeededs" />
					<Add directory="lib" />
				</Compiler>
				<Linker>
					<Add option="-lmingw32 -lSDL2main -lSDL2 -lSDL2_image -lSDL2_ttf" />
					<Add library="SDL2" />
					<Add library="SDL2main" />
					<Add library="SDL2_ttf" />
					<Add library="SDL2_image" />
					<Add library="../Vector/bin/Debug/libVector.a" />
					<Add library="../Cola/bin/Debug/libTDAColaDinamica.a" />
					<Add directory="lib/SDL2_linkNeededs" />
					<Add directory="lib" />
				</Linker>
			</Target>
			<Target title="Release">
				<Option output="bin/Release/Cliente" prefix_auto="1" extension_auto="1" />
				<Option object_output="obj/Release/" />
				<Option type="1" />
				<Option compiler="gcc" />
				<Compiler>
					<Add option="-O2" />
				</Compiler>
				<Linker>
					<Add option="-s" />
				</Linker>
			</Target>
		</Build>
		<Compiler>
			<Add option="-Wall" />
		</Compiler>
		<Unit filename="auxiliares/matriz/matriz.c">
			<Option compilerVar="CC" />
		</Unit>
		<Unit filename="auxiliares/matriz/matriz.h" />
		<Unit filename="config/config.c">
			<Option compilerVar="CC" />
		</Unit>
		<Unit filename="config/config.h" />
		<Unit filename="lib/SDL2.dll" />
		<Unit filename="lib/SDL2_image.dll" />
		<Unit filename="lib/SDL2_linkNeededs/SDL.h" />
		<Unit filename="lib/SDL2_linkNeededs/SDL_assert.h" />
		<Unit filename="lib/SDL2_linkNeededs/SDL_atomic.h" />
		<Unit filename="lib/SDL2_linkNeededs/SDL_audio.h" />
		<Unit filename="lib/SDL2_linkNeededs/SDL_bits.h" />
		<Unit filename="lib/SDL2_linkNeededs/SDL_blendmode.h" />
		<Unit filename="lib/SDL2_linkNeededs/SDL_clipboard.h" />
		<Unit filename="lib/SDL2_linkNeededs/SDL_config.h" />
		<Unit filename="lib/SDL2_linkNeededs/SDL_cpuinfo.h" />
		<Unit filename="lib/SDL2_linkNeededs/SDL_egl.h" />
		<Unit filename="lib/SDL2_linkNeededs/SDL_endian.h" />
		<Unit filename="lib/SDL2_linkNeededs/SDL_error.h" />
		<Unit filename="lib/SDL2_linkNeededs/SDL_events.h" />
		<Unit filename="lib/SDL2_linkNeededs/SDL_filesystem.h" />
		<Unit filename="lib/SDL2_linkNeededs/SDL_gamecontroller.h" />
		<Unit filename="lib/SDL2_linkNeededs/SDL_gesture.h" />
		<Unit filename="lib/SDL2_linkNeededs/SDL_haptic.h" />
		<Unit filename="lib/SDL2_linkNeededs/SDL_hidapi.h" />
		<Unit filename="lib/SDL2_linkNeededs/SDL_hints.h" />
		<Unit filename="lib/SDL2_linkNeededs/SDL_joystick.h" />
		<Unit filename="lib/SDL2_linkNeededs/SDL_keyboard.h" />
		<Unit filename="lib/SDL2_linkNeededs/SDL_keycode.h" />
		<Unit filename="lib/SDL2_linkNeededs/SDL_loadso.h" />
		<Unit filename="lib/SDL2_linkNeededs/SDL_locale.h" />
		<Unit filename="lib/SDL2_linkNeededs/SDL_log.h" />
		<Unit filename="lib/SDL2_linkNeededs/SDL_main.h" />
		<Unit filename="lib/SDL2_linkNeededs/SDL_messagebox.h" />
		<Unit filename="lib/SDL2_linkNeededs/SDL_metal.h" />
		<Unit filename="lib/SDL2_linkNeededs/SDL_misc.h" />
		<Unit filename="lib/SDL2_linkNeededs/SDL_mouse.h" />
		<Unit filename="lib/SDL2_linkNeededs/SDL_mutex.h" />
		<Unit filename="lib/SDL2_linkNeededs/SDL_name.h" />
		<Unit filename="lib/SDL2_linkNeededs/SDL_opengl.h" />
		<Unit filename="lib/SDL2_linkNeededs/SDL_opengl_glext.h" />
		<Unit filename="lib/SDL2_linkNeededs/SDL_opengles.h" />
		<Unit filename="lib/SDL2_linkNeededs/SDL_opengles2.h" />
		<Unit filename="lib/SDL2_linkNeededs/SDL_opengles2_gl2.h" />
		<Unit filename="lib/SDL2_linkNeededs/SDL_opengles2_gl2ext.h" />
		<Unit filename="lib/SDL2_linkNeededs/SDL_opengles2_gl2platform.h" />
		<Unit filename="lib/SDL2_linkNeededs/SDL_opengles2_khrplatform.h" />
		<Unit filename="lib/SDL2_linkNeededs/SDL_pixels.h" />
		<Unit filename="lib/SDL2_linkNeededs/SDL_platform.h" />
		<Unit filename="lib/SDL2_linkNeededs/SDL_power.h" />
		<Unit filename="lib/SDL2_linkNeededs/SDL_quit.h" />
		<Unit filename="lib/SDL2_linkNeededs/SDL_rect.h" />
		<Unit filename="lib/SDL2_linkNeededs/SDL_render.h" />
		<Unit filename="lib/SDL2_linkNeededs/SDL_revision.h" />
		<Unit filename="lib/SDL2_linkNeededs/SDL_rwops.h" />
		<Unit filename="lib/SDL2_linkNeededs/SDL_scancode.h" />
		<Unit filename="lib/SDL2_linkNeededs/SDL_sensor.h" />
		<Unit filename="lib/SDL2_linkNeededs/SDL_shape.h" />
		<Unit filename="lib/SDL2_linkNeededs/SDL_stdinc.h" />
		<Unit filename="lib/SDL2_linkNeededs/SDL_surface.h" />
		<Unit filename="lib/SDL2_linkNeededs/SDL_system.h" />
		<Unit filename="lib/SDL2_linkNeededs/SDL_syswm.h" />
		<Unit filename="lib/SDL2_linkNeededs/SDL_test.h" />
		<Unit filename="lib/SDL2_linkNeededs/SDL_test_assert.h" />
		<Unit filename="lib/SDL2_linkNeededs/SDL_test_common.h" />
		<Unit filename="lib/SDL2_linkNeededs/SDL_test_compare.h" />
		<Unit filename="lib/SDL2_linkNeededs/SDL_test_crc32.h" />
		<Unit filename="lib/SDL2_linkNeededs/SDL_test_font.h" />
		<Unit filename="lib/SDL2_linkNeededs/SDL_test_fuzzer.h" />
		<Unit filename="lib/SDL2_linkNeededs/SDL_test_harness.h" />
		<Unit filename="lib/SDL2_linkNeededs/SDL_test_images.h" />
		<Unit filename="lib/SDL2_linkNeededs/SDL_test_log.h" />
		<Unit filename="lib/SDL2_linkNeededs/SDL_test_md5.h" />
		<Unit filename="lib/SDL2_linkNeededs/SDL_test_memory.h" />
		<Unit filename="lib/SDL2_linkNeededs/SDL_test_random.h" />
		<Unit filename="lib/SDL2_linkNeededs/SDL_thread.h" />
		<Unit filename="lib/SDL2_linkNeededs/SDL_timer.h" />
		<Unit filename="lib/SDL2_linkNeededs/SDL_touch.h" />
		<Unit filename="lib/SDL2_linkNeededs/SDL_types.h" />
		<Unit filename="lib/SDL2_linkNeededs/SDL_version.h" />
		<Unit filename="lib/SDL2_linkNeededs/SDL_video.h" />
		<Unit filename="lib/SDL2_linkNeededs/SDL_vulkan.h" />
		<Unit filename="lib/SDL2_linkNeededs/begin_code.h" />
		<Unit filename="lib/SDL2_linkNeededs/close_code.h" />
		<Unit filename="lib/SDL2_linkNeededs/libSDL2.a" />
		<Unit filename="lib/SDL2_linkNeededs/libSDL2.dll.a" />
		<Unit filename="lib/SDL2_linkNeededs/libSDL2.la" />
		<Unit filename="lib/SDL2_linkNeededs/libSDL2_test.a" />
		<Unit filename="lib/SDL2_linkNeededs/libSDL2_test.la" />
		<Unit filename="lib/SDL2_linkNeededs/libSDL2main.a" />
		<Unit filename="lib/SDL2_linkNeededs/libSDL2main.la" />
		<Unit filename="lib/SDL2_ttf.dll" />
		<Unit filename="lib/SDL_image.h" />
		<Unit filename="lib/SDL_ttf.h" />
		<Unit filename="main.c">
			<Option compilerVar="CC" />
		</Unit>
		<Unit filename="mapa/laberinto.txt" />
		<Unit filename="mapa/mapa.c">
			<Option compilerVar="CC" />
		</Unit>
		<Unit filename="mapa/mapa.h" />
		<Unit filename="partida/entidad.h" />
		<Unit filename="partida/partida.c">
			<Option compilerVar="CC" />
		</Unit>
		<Unit filename="partida/partida.h" />
		<Unit filename="secciones/secciones.c">
			<Option compilerVar="CC" />
		</Unit>
		<Unit filename="secciones/secciones.h" />
		<Extensions>
			<lib_finder disable_auto="1" />
		</Extensions>
	</Project>
</CodeBlocks_project_file>
